# THIS IS AN AUTOGENERATED FILE. DO NOT EDIT THIS FILE DIRECTLY.
# yarn lockfile v1


avro-js@^1.8.2:
  version "1.8.2"
  resolved "https://registry.yarnpkg.com/avro-js/-/avro-js-1.8.2.tgz#915d1cf4497261e76496147f3e6b9c4a6f678329"
  dependencies:
    underscore "*"

linebyline@^1.3.0:
  version "1.3.0"
  resolved "https://registry.yarnpkg.com/linebyline/-/linebyline-1.3.0.tgz#6ef54ceab832d23f7841ed2f296fe9b2f6dade94"

underscore@*:
  version "1.9.1"
  resolved "https://registry.yarnpkg.com/underscore/-/underscore-1.9.1.tgz#06dce34a0e68a7babc29b365b8e74b8925203961"
